{
  "object": {
    "pins": [
      {
        "package": "JKCSImageServiceSwift",
        "repositoryURL": "https://github.com/zjkuang/JKCSImageServiceSwift.git",
        "state": {
          "branch": null,
          "revision": "436ce9b1738dba51609d011a83c2f60fe6367d94",
          "version": "1.0.10"
        }
      },
      {
        "package": "JKCSSwift",
        "repositoryURL": "https://github.com/zjkuang/JKCSSwift.git",
        "state": {
          "branch": null,
          "revision": "67567bf4dff79ac9d8086cea8ac63d2c8c31a531",
          "version": "1.0.8"
        }
      }
    ]
  },
  "version": 1
}
