{
  "object": {
    "pins": [
      {
        "package": "JKCSImageServiceSwift",
        "repositoryURL": "https://github.com/zjkuang/JKCSImageServiceSwift.git",
        "state": {
          "branch": null,
          "revision": "7847753659c382ff384e957d94f2d2c894b704d1",
          "version": "1.0.11"
        }
      },
      {
        "package": "JKCSSwift",
        "repositoryURL": "https://github.com/zjkuang/JKCSSwift.git",
        "state": {
          "branch": null,
          "revision": "67567bf4dff79ac9d8086cea8ac63d2c8c31a531",
          "version": "1.0.8"
        }
      }
    ]
  },
  "version": 1
}
